// !$*UTF8*$!
{
	archiveVersion = 1;
	classes = {
	};
	objectVersion = 46;
	objects = {

/* Begin PBXBuildFile section */
		B88077F76FC17EDCD3135E9A /* Pods_politicalSimulator.framework in Frameworks */ = {isa = PBXBuildFile; fileRef = 1A128E2AE5AF88BCD4917BD7 /* Pods_politicalSimulator.framework */; };
		D3181FA41E3E691800395A79 /* AppDelegate.swift in Sources */ = {isa = PBXBuildFile; fileRef = D3181FA31E3E691800395A79 /* AppDelegate.swift */; };
		D3181FA61E3E691800395A79 /* ViewController.swift in Sources */ = {isa = PBXBuildFile; fileRef = D3181FA51E3E691800395A79 /* ViewController.swift */; };
		D3181FA91E3E691800395A79 /* Main.storyboard in Resources */ = {isa = PBXBuildFile; fileRef = D3181FA71E3E691800395A79 /* Main.storyboard */; };
		D3181FAB1E3E691800395A79 /* Assets.xcassets in Resources */ = {isa = PBXBuildFile; fileRef = D3181FAA1E3E691800395A79 /* Assets.xcassets */; };
		D3181FAE1E3E691800395A79 /* LaunchScreen.storyboard in Resources */ = {isa = PBXBuildFile; fileRef = D3181FAC1E3E691800395A79 /* LaunchScreen.storyboard */; };
/* End PBXBuildFile section */

/* Begin PBXFileReference section */
		1A128E2AE5AF88BCD4917BD7 /* Pods_politicalSimulator.framework */ = {isa = PBXFileReference; explicitFileType = wrapper.framework; includeInIndex = 0; path = Pods_politicalSimulator.framework; sourceTree = BUILT_PRODUCTS_DIR; };
		67AFB897FBD141D5ABECAC45 /* Pods-politicalSimulator.release.xcconfig */ = {isa = PBXFileReference; includeInIndex = 1; lastKnownFileType = text.xcconfig; name = "Pods-politicalSimulator.release.xcconfig"; path = "Pods/Target Support Files/Pods-politicalSimulator/Pods-politicalSimulator.release.xcconfig"; sourceTree = "<group>"; };
		92095E7288829AFD526453F0 /* Pods-politicalSimulator.debug.xcconfig */ = {isa = PBXFileReference; includeInIndex = 1; lastKnownFileType = text.xcconfig; name = "Pods-politicalSimulator.debug.xcconfig"; path = "Pods/Target Support Files/Pods-politicalSimulator/Pods-politicalSimulator.debug.xcconfig"; sourceTree = "<group>"; };
		D3181FA01E3E691700395A79 /* politicalSimulator.app */ = {isa = PBXFileReference; explicitFileType = wrapper.application; includeInIndex = 0; path = politicalSimulator.app; sourceTree = BUILT_PRODUCTS_DIR; };
		D3181FA31E3E691800395A79 /* AppDelegate.swift */ = {isa = PBXFileReference; lastKnownFileType = sourcecode.swift; path = AppDelegate.swift; sourceTree = "<group>"; };
		D3181FA51E3E691800395A79 /* ViewController.swift */ = {isa = PBXFileReference; lastKnownFileType = sourcecode.swift; path = ViewController.swift; sourceTree = "<group>"; };
		D3181FA81E3E691800395A79 /* Base */ = {isa = PBXFileReference; lastKnownFileType = file.storyboard; name = Base; path = Base.lproj/Main.storyboard; sourceTree = "<group>"; };
		D3181FAA1E3E691800395A79 /* Assets.xcassets */ = {isa = PBXFileReference; lastKnownFileType = folder.assetcatalog; path = Assets.xcassets; sourceTree = "<group>"; };
		D3181FAD1E3E691800395A79 /* Base */ = {isa = PBXFileReference; lastKnownFileType = file.storyboard; name = Base; path = Base.lproj/LaunchScreen.storyboard; sourceTree = "<group>"; };
		D3181FAF1E3E691800395A79 /* Info.plist */ = {isa = PBXFileReference; lastKnownFileType = text.plist.xml; path = Info.plist; sourceTree = "<group>"; };
/* End PBXFileReference section */

/* Begin PBXFrameworksBuildPhase section */
		D3181F9D1E3E691700395A79 /* Frameworks */ = {
			isa = PBXFrameworksBuildPhase;
			buildActionMask = 2147483647;
			files = (
				B88077F76FC17EDCD3135E9A /* Pods_politicalSimulator.framework in Frameworks */,
			);
			runOnlyForDeploymentPostprocessing = 0;
		};
/* End PBXFrameworksBuildPhase section */

/* Begin PBXGroup section */
		8D9DBD4CD7A575D463CAC46E /* Pods */ = {
			isa = PBXGroup;
			children = (
				92095E7288829AFD526453F0 /* Pods-politicalSimulator.debug.xcconfig */,
				67AFB897FBD141D5ABECAC45 /* Pods-politicalSimulator.release.xcconfig */,
			);
			name = Pods;
			sourceTree = "<group>";
		};
		D3181F971E3E691700395A79 = {
			isa = PBXGroup;
			children = (
				D3181FA21E3E691800395A79 /* politicalSimulator */,
				D3181FA11E3E691700395A79 /* Products */,
				8D9DBD4CD7A575D463CAC46E /* Pods */,
				E649F4C70BDC7762C0DDF487 /* Frameworks */,
			);
			sourceTree = "<group>";
		};
		D3181FA11E3E691700395A79 /* Products */ = {
			isa = PBXGroup;
			children = (
				D3181FA01E3E691700395A79 /* politicalSimulator.app */,
			);
			name = Products;
			sourceTree = "<group>";
		};
		D3181FA21E3E691800395A79 /* politicalSimulator */ = {
			isa = PBXGroup;
			children = (
				D3181FA31E3E691800395A79 /* AppDelegate.swift */,
				D3181FA51E3E691800395A79 /* ViewController.swift */,
				D3181FA71E3E691800395A79 /* Main.storyboard */,
				D3181FAA1E3E691800395A79 /* Assets.xcassets */,
				D3181FAC1E3E691800395A79 /* LaunchScreen.storyboard */,
				D3181FAF1E3E691800395A79 /* Info.plist */,
			);
			path = politicalSimulator;
			sourceTree = "<group>";
		};
		E649F4C70BDC7762C0DDF487 /* Frameworks */ = {
			isa = PBXGroup;
			children = (
				1A128E2AE5AF88BCD4917BD7 /* Pods_politicalSimulator.framework */,
			);
			name = Frameworks;
			sourceTree = "<group>";
		};
/* End PBXGroup section */

/* Begin PBXNativeTarget section */
		D3181F9F1E3E691700395A79 /* politicalSimulator */ = {
			isa = PBXNativeTarget;
			buildConfigurationList = D3181FB21E3E691800395A79 /* Build configuration list for PBXNativeTarget "politicalSimulator" */;
			buildPhases = (
				69DCC8175528B9EE0D25B875 /* [CP] Check Pods Manifest.lock */,
				D3181F9C1E3E691700395A79 /* Sources */,
				D3181F9D1E3E691700395A79 /* Frameworks */,
				D3181F9E1E3E691700395A79 /* Resources */,
				5E8C6EA5CB55C67664D10A73 /* [CP] Embed Pods Frameworks */,
				496CA036C4ABBD830A994EEA /* [CP] Copy Pods Resources */,
			);
			buildRules = (
			);
			dependencies = (
			);
			name = politicalSimulator;
			productName = politicalSimulator;
			productReference = D3181FA01E3E691700395A79 /* politicalSimulator.app */;
			productType = "com.apple.product-type.application";
		};
/* End PBXNativeTarget section */

/* Begin PBXProject section */
		D3181F981E3E691700395A79 /* Project object */ = {
			isa = PBXProject;
			attributes = {
				LastSwiftUpdateCheck = 0810;
				LastUpgradeCheck = 0810;
				ORGANIZATIONNAME = "Marty Hernandez Avedon";
				TargetAttributes = {
					D3181F9F1E3E691700395A79 = {
						CreatedOnToolsVersion = 8.1;
						DevelopmentTeam = GD7JHZ9557;
						ProvisioningStyle = Automatic;
					};
				};
			};
			buildConfigurationList = D3181F9B1E3E691700395A79 /* Build configuration list for PBXProject "politicalSimulator" */;
			compatibilityVersion = "Xcode 3.2";
			developmentRegion = English;
			hasScannedForEncodings = 0;
			knownRegions = (
				en,
				Base,
			);
			mainGroup = D3181F971E3E691700395A79;
			productRefGroup = D3181FA11E3E691700395A79 /* Products */;
			projectDirPath = "";
			projectRoot = "";
			targets = (
				D3181F9F1E3E691700395A79 /* politicalSimulator */,
			);
		};
/* End PBXProject section */

/* Begin PBXResourcesBuildPhase section */
		D3181F9E1E3E691700395A79 /* Resources */ = {
			isa = PBXResourcesBuildPhase;
			buildActionMask = 2147483647;
			files = (
				D3181FAE1E3E691800395A79 /* LaunchScreen.storyboard in Resources */,
				D3181FAB1E3E691800395A79 /* Assets.xcassets in Resources */,
				D3181FA91E3E691800395A79 /* Main.storyboard in Resources */,
			);
			runOnlyForDeploymentPostprocessing = 0;
		};
/* End PBXResourcesBuildPhase section */

/* Begin PBXShellScriptBuildPhase section */
		496CA036C4ABBD830A994EEA /* [CP] Copy Pods Resources */ = {
			isa = PBXShellScriptBuildPhase;
			buildActionMask = 2147483647;
			files = (
			);
			inputPaths = (
			);
			name = "[CP] Copy Pods Resources";
			outputPaths = (
			);
			runOnlyForDeploymentPostprocessing = 0;
			shellPath = /bin/sh;
			shellScript = "\"${SRCROOT}/Pods/Target Support Files/Pods-politicalSimulator/Pods-politicalSimulator-resources.sh\"\n";
			showEnvVarsInLog = 0;
		};
		5E8C6EA5CB55C67664D10A73 /* [CP] Embed Pods Frameworks */ = {
			isa = PBXShellScriptBuildPhase;
			buildActionMask = 2147483647;
			files = (
			);
			inputPaths = (
			);
			name = "[CP] Embed Pods Frameworks";
			outputPaths = (
			);
			runOnlyForDeploymentPostprocessing = 0;
			shellPath = /bin/sh;
			shellScript = "\"${SRCROOT}/Pods/Target Support Files/Pods-politicalSimulator/Pods-politicalSimulator-frameworks.sh\"\n";
			showEnvVarsInLog = 0;
		};
		69DCC8175528B9EE0D25B875 /* [CP] Check Pods Manifest.lock */ = {
			isa = PBXShellScriptBuildPhase;
			buildActionMask = 2147483647;
			files = (
			);
			inputPaths = (
			);
			name = "[CP] Check Pods Manifest.lock";
			outputPaths = (
			);
			runOnlyForDeploymentPostprocessing = 0;
			shellPath = /bin/sh;
			shellScript = "diff \"${PODS_ROOT}/../Podfile.lock\" \"${PODS_ROOT}/Manifest.lock\" > /dev/null\nif [ $? != 0 ] ; then\n    # print error to STDERR\n    echo \"error: The sandbox is not in sync with the Podfile.lock. Run 'pod install' or update your CocoaPods installation.\" >&2\n    exit 1\nfi\n";
			showEnvVarsInLog = 0;
		};
/* End PBXShellScriptBuildPhase section */

/* Begin PBXSourcesBuildPhase section */
		D3181F9C1E3E691700395A79 /* Sources */ = {
			isa = PBXSourcesBuildPhase;
			buildActionMask = 2147483647;
			files = (
				D3181FA61E3E691800395A79 /* ViewController.swift in Sources */,
				D3181FA41E3E691800395A79 /* AppDelegate.swift in Sources */,
			);
			runOnlyForDeploymentPostprocessing = 0;
		};
/* End PBXSourcesBuildPhase section */

/* Begin PBXVariantGroup section */
		D3181FA71E3E691800395A79 /* Main.storyboard */ = {
			isa = PBXVariantGroup;
			children = (
				D3181FA81E3E691800395A79 /* Base */,
			);
			name = Main.storyboard;
			sourceTree = "<group>";
		};
		D3181FAC1E3E691800395A79 /* LaunchScreen.storyboard */ = {
			isa = PBXVariantGroup;
			children = (
				D3181FAD1E3E691800395A79 /* Base */,
			);
			name = LaunchScreen.storyboard;
			sourceTree = "<group>";
		};
/* End PBXVariantGroup section */

/* Begin XCBuildConfiguration section */
		D3181FB01E3E691800395A79 /* Debug */ = {
			isa = XCBuildConfiguration;
			buildSettings = {
				ALWAYS_SEARCH_USER_PATHS = NO;
				CLANG_ANALYZER_NONNULL = YES;
				CLANG_CXX_LANGUAGE_STANDARD = "gnu++0x";
				CLANG_CXX_LIBRARY = "libc++";
				CLANG_ENABLE_MODULES = YES;
				CLANG_ENABLE_OBJC_ARC = YES;
				CLANG_WARN_BOOL_CONVERSION = YES;
				CLANG_WARN_CONSTANT_CONVERSION = YES;
				CLANG_WARN_DIRECT_OBJC_ISA_USAGE = YES_ERROR;
				CLANG_WARN_DOCUMENTATION_COMMENTS = YES;
				CLANG_WARN_EMPTY_BODY = YES;
				CLANG_WARN_ENUM_CONVERSION = YES;
				CLANG_WARN_INFINITE_RECURSION = YES;
				CLANG_WARN_INT_CONVERSION = YES;
				CLANG_WARN_OBJC_ROOT_CLASS = YES_ERROR;
				CLANG_WARN_SUSPICIOUS_MOVES = YES;
				CLANG_WARN_UNREACHABLE_CODE = YES;
				CLANG_WARN__DUPLICATE_METHOD_MATCH = YES;
				"CODE_SIGN_IDENTITY[sdk=iphoneos*]" = "iPhone Developer";
				COPY_PHASE_STRIP = NO;
				DEBUG_INFORMATION_FORMAT = dwarf;
				ENABLE_STRICT_OBJC_MSGSEND = YES;
				ENABLE_TESTABILITY = YES;
				GCC_C_LANGUAGE_STANDARD = gnu99;
				GCC_DYNAMIC_NO_PIC = NO;
				GCC_NO_COMMON_BLOCKS = YES;
				GCC_OPTIMIZATION_LEVEL = 0;
				GCC_PREPROCESSOR_DEFINITIONS = (
					"DEBUG=1",
					"$(inherited)",
				);
				GCC_WARN_64_TO_32_BIT_CONVERSION = YES;
				GCC_WARN_ABOUT_RETURN_TYPE = YES_ERROR;
				GCC_WARN_UNDECLARED_SELECTOR = YES;
				GCC_WARN_UNINITIALIZED_AUTOS = YES_AGGRESSIVE;
				GCC_WARN_UNUSED_FUNCTION = YES;
				GCC_WARN_UNUSED_VARIABLE = YES;
				IPHONEOS_DEPLOYMENT_TARGET = 10.1;
				MTL_ENABLE_DEBUG_INFO = YES;
				ONLY_ACTIVE_ARCH = YES;
				SDKROOT = iphoneos;
				SWIFT_ACTIVE_COMPILATION_CONDITIONS = DEBUG;
				SWIFT_OPTIMIZATION_LEVEL = "-Onone";
				TARGETED_DEVICE_FAMILY = "1,2";
			};
			name = Debug;
		};
		D3181FB11E3E691800395A79 /* Release */ = {
			isa = XCBuildConfiguration;
			buildSettings = {
				ALWAYS_SEARCH_USER_PATHS = NO;
				CLANG_ANALYZER_NONNULL = YES;
				CLANG_CXX_LANGUAGE_STANDARD = "gnu++0x";
				CLANG_CXX_LIBRARY = "libc++";
				CLANG_ENABLE_MODULES = YES;
				CLANG_ENABLE_OBJC_ARC = YES;
				CLANG_WARN_BOOL_CONVERSION = YES;
				CLANG_WARN_CONSTANT_CONVERSION = YES;
				CLANG_WARN_DIRECT_OBJC_ISA_USAGE = YES_ERROR;
				CLANG_WARN_DOCUMENTATION_COMMENTS = YES;
				CLANG_WARN_EMPTY_BODY = YES;
				CLANG_WARN_ENUM_CONVERSION = YES;
				CLANG_WARN_INFINITE_RECURSION = YES;
				CLANG_WARN_INT_CONVERSION = YES;
				CLANG_WARN_OBJC_ROOT_CLASS = YES_ERROR;
				CLANG_WARN_SUSPICIOUS_MOVES = YES;
				CLANG_WARN_UNREACHABLE_CODE = YES;
				CLANG_WARN__DUPLICATE_METHOD_MATCH = YES;
				"CODE_SIGN_IDENTITY[sdk=iphoneos*]" = "iPhone Developer";
				COPY_PHASE_STRIP = NO;
				DEBUG_INFORMATION_FORMAT = "dwarf-with-dsym";
				ENABLE_NS_ASSERTIONS = NO;
				ENABLE_STRICT_OBJC_MSGSEND = YES;
				GCC_C_LANGUAGE_STANDARD = gnu99;
				GCC_NO_COMMON_BLOCKS = YES;
				GCC_WARN_64_TO_32_BIT_CONVERSION = YES;
				GCC_WARN_ABOUT_RETURN_TYPE = YES_ERROR;
				GCC_WARN_UNDECLARED_SELECTOR = YES;
				GCC_WARN_UNINITIALIZED_AUTOS = YES_AGGRESSIVE;
				GCC_WARN_UNUSED_FUNCTION = YES;
				GCC_WARN_UNUSED_VARIABLE = YES;
				IPHONEOS_DEPLOYMENT_TARGET = 10.1;
				MTL_ENABLE_DEBUG_INFO = NO;
				SDKROOT = iphoneos;
				SWIFT_OPTIMIZATION_LEVEL = "-Owholemodule";
				TARGETED_DEVICE_FAMILY = "1,2";
				VALIDATE_PRODUCT = YES;
			};
			name = Release;
		};
		D3181FB31E3E691800395A79 /* Debug */ = {
			isa = XCBuildConfiguration;
			baseConfigurationReference = 92095E7288829AFD526453F0 /* Pods-politicalSimulator.debug.xcconfig */;
			buildSettings = {
				ASSETCATALOG_COMPILER_APPICON_NAME = AppIcon;
				DEVELOPMENT_TEAM = GD7JHZ9557;
				INFOPLIST_FILE = politicalSimulator/Info.plist;
				LD_RUNPATH_SEARCH_PATHS = "$(inherited) @executable_path/Frameworks";
				PRODUCT_BUNDLE_IDENTIFIER = nyc.c4q.martyav.politicalSimulator;
				PRODUCT_NAME = "$(TARGET_NAME)";
				SWIFT_VERSION = 3.0;
			};
			name = Debug;
		};
		D3181FB41E3E691800395A79 /* Release */ = {
			isa = XCBuildConfiguration;
			baseConfigurationReference = 67AFB897FBD141D5ABECAC45 /* Pods-politicalSimulator.release.xcconfig */;
			buildSettings = {
				ASSETCATALOG_COMPILER_APPICON_NAME = AppIcon;
				DEVELOPMENT_TEAM = GD7JHZ9557;
				INFOPLIST_FILE = politicalSimulator/Info.plist;
				LD_RUNPATH_SEARCH_PATHS = "$(inherited) @executable_path/Frameworks";
				PRODUCT_BUNDLE_IDENTIFIER = nyc.c4q.martyav.politicalSimulator;
				PRODUCT_NAME = "$(TARGET_NAME)";
				SWIFT_VERSION = 3.0;
			};
			name = Release;
		};
/* End XCBuildConfiguration section */

/* Begin XCConfigurationList section */
		D3181F9B1E3E691700395A79 /* Build configuration list for PBXProject "politicalSimulator" */ = {
			isa = XCConfigurationList;
			buildConfigurations = (
				D3181FB01E3E691800395A79 /* Debug */,
				D3181FB11E3E691800395A79 /* Release */,
			);
			defaultConfigurationIsVisible = 0;
			defaultConfigurationName = Release;
		};
		D3181FB21E3E691800395A79 /* Build configuration list for PBXNativeTarget "politicalSimulator" */ = {
			isa = XCConfigurationList;
			buildConfigurations = (
				D3181FB31E3E691800395A79 /* Debug */,
				D3181FB41E3E691800395A79 /* Release */,
			);
			defaultConfigurationIsVisible = 0;
		};
/* End XCConfigurationList section */
	};
	rootObject = D3181F981E3E691700395A79 /* Project object */;
}
